
Microsoft Visual Studio Solution File, Format Version 12.00
# Visual Studio Version 16
VisualStudioVersion = 16.0.29806.167
MinimumVisualStudioVersion = 10.0.40219.1
Project("{FAE04EC0-301F-11D3-BF4B-00C04F79EFBC}") = "SchereSteinPapier", "SchereSteinPapier\SchereSteinPapier.csproj", "{F466D8EF-2AA2-4700-B26A-0BF244AB668E}"
EndProject
Global
	GlobalSection(SolutionConfigurationPlatforms) = preSolution
		Debug|Any CPU = Debug|Any CPU
		Release|Any CPU = Release|Any CPU
	EndGlobalSection
	GlobalSection(ProjectConfigurationPlatforms) = postSolution
		{F466D8EF-2AA2-4700-B26A-0BF244AB668E}.Debug|Any CPU.ActiveCfg = Debug|Any CPU
		{F466D8EF-2AA2-4700-B26A-0BF244AB668E}.Debug|Any CPU.Build.0 = Debug|Any CPU
		{F466D8EF-2AA2-4700-B26A-0BF244AB668E}.Release|Any CPU.ActiveCfg = Release|Any CPU
		{F466D8EF-2AA2-4700-B26A-0BF244AB668E}.Release|Any CPU.Build.0 = Release|Any CPU
	EndGlobalSection
	GlobalSection(SolutionProperties) = preSolution
		HideSolutionNode = FALSE
	EndGlobalSection
	GlobalSection(ExtensibilityGlobals) = postSolution
		SolutionGuid = {695A8CF8-398F-469B-A72F-CC6B34B5448F}
	EndGlobalSection
EndGlobal
